// !$*UTF8*$!
{
	archiveVersion = 1;
	classes = {
	};
	objectVersion = 46;
	objects = {

/* Begin PBXBuildFile section */
		184532441EB2FB84004130A6 /* RIGImageGallery.framework in Frameworks */ = {isa = PBXBuildFile; fileRef = 1845323F1EB2FAA4004130A6 /* RIGImageGallery.framework */; };
		184532481EB30B53004130A6 /* LaunchScreen.storyboard in Resources */ = {isa = PBXBuildFile; fileRef = 30E933A51E7BDB2100B82C20 /* LaunchScreen.storyboard */; };
		184532491EB30B53004130A6 /* Main.storyboard in Resources */ = {isa = PBXBuildFile; fileRef = 30E9339D1E7BDB2100B82C20 /* Main.storyboard */; };
		1845324A1EB30B53004130A6 /* Page.storyboard in Resources */ = {isa = PBXBuildFile; fileRef = 3014DEFB1E88FC0A00D46672 /* Page.storyboard */; };
		18A35B481EB2EF2B0077B415 /* Haksa.swift in Sources */ = {isa = PBXBuildFile; fileRef = 182FB27C1EB0D649002945DF /* Haksa.swift */; };
		300044571EB23014003DE37F /* BoardComment.swift in Sources */ = {isa = PBXBuildFile; fileRef = 300044561EB23014003DE37F /* BoardComment.swift */; };
		3000445A1EB247F9003DE37F /* CommentViewCell.swift in Sources */ = {isa = PBXBuildFile; fileRef = 300044581EB247F9003DE37F /* CommentViewCell.swift */; };
		3000445B1EB247F9003DE37F /* CommentViewCell.xib in Resources */ = {isa = PBXBuildFile; fileRef = 300044591EB247F9003DE37F /* CommentViewCell.xib */; };
		3014DEF41E88D35300D46672 /* Food.swift in Sources */ = {isa = PBXBuildFile; fileRef = 3014DEF31E88D35300D46672 /* Food.swift */; };
		3014DEF81E88EF4900D46672 /* ReadingRoomListViewController.swift in Sources */ = {isa = PBXBuildFile; fileRef = 3014DEF71E88EF4900D46672 /* ReadingRoomListViewController.swift */; };
		3014DEFA1E88EFFB00D46672 /* RestaurantViewController.swift in Sources */ = {isa = PBXBuildFile; fileRef = 3014DEF91E88EFFB00D46672 /* RestaurantViewController.swift */; };
		3014DEFF1E88FDD800D46672 /* AcademyViewController.swift in Sources */ = {isa = PBXBuildFile; fileRef = 3014DEFE1E88FDD800D46672 /* AcademyViewController.swift */; };
		3014DF031E88FE0500D46672 /* GradeViewController.swift in Sources */ = {isa = PBXBuildFile; fileRef = 3014DF021E88FE0500D46672 /* GradeViewController.swift */; };
		3014DF071E88FE2B00D46672 /* AppViewController.swift in Sources */ = {isa = PBXBuildFile; fileRef = 3014DF061E88FE2B00D46672 /* AppViewController.swift */; };
		3014DF0A1E89494B00D46672 /* NoticeViewController.swift in Sources */ = {isa = PBXBuildFile; fileRef = 3014DF091E89494B00D46672 /* NoticeViewController.swift */; };
		3014DF131E8A22A300D46672 /* ReadingRoom.swift in Sources */ = {isa = PBXBuildFile; fileRef = 3014DF121E8A22A300D46672 /* ReadingRoom.swift */; };
		3014DF151E8A568500D46672 /* ReadingRoomViewController.swift in Sources */ = {isa = PBXBuildFile; fileRef = 3014DF141E8A568500D46672 /* ReadingRoomViewController.swift */; };
		3014DF181E8A8A6F00D46672 /* DateView.swift in Sources */ = {isa = PBXBuildFile; fileRef = 3014DF161E8A8A6F00D46672 /* DateView.swift */; };
		3014DF191E8A8A6F00D46672 /* DateView.xib in Resources */ = {isa = PBXBuildFile; fileRef = 3014DF171E8A8A6F00D46672 /* DateView.xib */; };
		3014DF1B1E8AAA2C00D46672 /* ClassListViewController.swift in Sources */ = {isa = PBXBuildFile; fileRef = 3014DF1A1E8AAA2C00D46672 /* ClassListViewController.swift */; };
		3014DF231E8B926500D46672 /* Board.swift in Sources */ = {isa = PBXBuildFile; fileRef = 3014DF221E8B926500D46672 /* Board.swift */; };
		3014DF251E8B94D800D46672 /* BoardListViewController.swift in Sources */ = {isa = PBXBuildFile; fileRef = 3014DF241E8B94D800D46672 /* BoardListViewController.swift */; };
		3028697C1EB197BD001FA02C /* BoardViewController.swift in Sources */ = {isa = PBXBuildFile; fileRef = 3028697B1EB197BD001FA02C /* BoardViewController.swift */; };
		302869821EB1EB29001FA02C /* PostBoardViewController.swift in Sources */ = {isa = PBXBuildFile; fileRef = 302869811EB1EB29001FA02C /* PostBoardViewController.swift */; };
		302869851EB1EDAB001FA02C /* ReadRoomViewCell.swift in Sources */ = {isa = PBXBuildFile; fileRef = 302869831EB1EDAB001FA02C /* ReadRoomViewCell.swift */; };
		302869861EB1EDAB001FA02C /* ReadRoomViewCell.xib in Resources */ = {isa = PBXBuildFile; fileRef = 302869841EB1EDAB001FA02C /* ReadRoomViewCell.xib */; };
		302869891EB1F858001FA02C /* BoardViewCell.swift in Sources */ = {isa = PBXBuildFile; fileRef = 302869871EB1F858001FA02C /* BoardViewCell.swift */; };
		3028698A1EB1F858001FA02C /* BoardViewCell.xib in Resources */ = {isa = PBXBuildFile; fileRef = 302869881EB1F858001FA02C /* BoardViewCell.xib */; };
		3028698E1EB217DE001FA02C /* PostService.swift in Sources */ = {isa = PBXBuildFile; fileRef = 3028698D1EB217DE001FA02C /* PostService.swift */; };
		302869901EB21BE8001FA02C /* BoardContent.swift in Sources */ = {isa = PBXBuildFile; fileRef = 3028698F1EB21BE8001FA02C /* BoardContent.swift */; };
		305490491EB6CD9100EB2C84 /* Unwrapper.swift in Sources */ = {isa = PBXBuildFile; fileRef = 305490481EB6CD9100EB2C84 /* Unwrapper.swift */; };
		3054904A1EB6E01800EB2C84 /* WeekView.swift in Sources */ = {isa = PBXBuildFile; fileRef = 306D4B5D1E97AABE0000FCA7 /* WeekView.swift */; };
		3054904B1EB6E01E00EB2C84 /* WeekView.xib in Resources */ = {isa = PBXBuildFile; fileRef = 306D4B5F1E97AB470000FCA7 /* WeekView.xib */; };
		3054904E1EB70D0600EB2C84 /* NoticeViewCell.swift in Sources */ = {isa = PBXBuildFile; fileRef = 3054904C1EB70D0600EB2C84 /* NoticeViewCell.swift */; };
		3054904F1EB70D0600EB2C84 /* NoticeViewCell.xib in Resources */ = {isa = PBXBuildFile; fileRef = 3054904D1EB70D0600EB2C84 /* NoticeViewCell.xib */; };
		305490561EB70F3100EB2C84 /* ClassViewCell.swift in Sources */ = {isa = PBXBuildFile; fileRef = 305490541EB70F3100EB2C84 /* ClassViewCell.swift */; };
		305490571EB70F3100EB2C84 /* ClassViewCell.xib in Resources */ = {isa = PBXBuildFile; fileRef = 305490551EB70F3100EB2C84 /* ClassViewCell.xib */; };
		305490A31EB742C300EB2C84 /* WeekViewCell.xib in Resources */ = {isa = PBXBuildFile; fileRef = 306D4B6A1E97E79E0000FCA7 /* WeekViewCell.xib */; };
		306D3DCB1E82D22400F48C7D /* AuthService.swift in Sources */ = {isa = PBXBuildFile; fileRef = 306D3DCA1E82D22400F48C7D /* AuthService.swift */; };
		306D3DCD1E83766E00F48C7D /* UserService.swift in Sources */ = {isa = PBXBuildFile; fileRef = 306D3DCC1E83766E00F48C7D /* UserService.swift */; };
		306D3DDC1E83A30800F48C7D /* MainViewController.swift in Sources */ = {isa = PBXBuildFile; fileRef = 306D3DDB1E83A30800F48C7D /* MainViewController.swift */; };
		306D3DE31E83A96E00F48C7D /* MainButtonSize.swift in Sources */ = {isa = PBXBuildFile; fileRef = 306D3DE21E83A96E00F48C7D /* MainButtonSize.swift */; };
		306D3DE71E83B30A00F48C7D /* HexColor.swift in Sources */ = {isa = PBXBuildFile; fileRef = 306D3DE61E83B30A00F48C7D /* HexColor.swift */; };
		306D3DE91E83B8D600F48C7D /* CheckBox.swift in Sources */ = {isa = PBXBuildFile; fileRef = 306D3DE81E83B8D600F48C7D /* CheckBox.swift */; };
		306D3DED1E84072400F48C7D /* NavigationDrawer.swift in Sources */ = {isa = PBXBuildFile; fileRef = 306D3DEC1E84072400F48C7D /* NavigationDrawer.swift */; };
		306D3DEF1E840A1900F48C7D /* NavigationDrawer.xib in Resources */ = {isa = PBXBuildFile; fileRef = 306D3DEE1E840A1900F48C7D /* NavigationDrawer.xib */; };
		306D3DF21E841F1500F48C7D /* Response+ErrorInfo.swift in Sources */ = {isa = PBXBuildFile; fileRef = 306D3DF11E841F1500F48C7D /* Response+ErrorInfo.swift */; };
		306D3DF41E841F2E00F48C7D /* MappingError.swift in Sources */ = {isa = PBXBuildFile; fileRef = 306D3DF31E841F2E00F48C7D /* MappingError.swift */; };
		306D3DF61E841F3F00F48C7D /* DataResponse+MapResult.swift in Sources */ = {isa = PBXBuildFile; fileRef = 306D3DF51E841F3F00F48C7D /* DataResponse+MapResult.swift */; };
		306D3DFA1E84503B00F48C7D /* buttonType.swift in Sources */ = {isa = PBXBuildFile; fileRef = 306D3DF91E84503B00F48C7D /* buttonType.swift */; };
		306D3E001E8506D700F48C7D /* AdView.xib in Resources */ = {isa = PBXBuildFile; fileRef = 306D3DFF1E8506D700F48C7D /* AdView.xib */; };
		306D3E021E85070C00F48C7D /* AdView.swift in Sources */ = {isa = PBXBuildFile; fileRef = 306D3E011E85070C00F48C7D /* AdView.swift */; };
		306D3E061E85F9AF00F48C7D /* AdSize.swift in Sources */ = {isa = PBXBuildFile; fileRef = 306D3E051E85F9AF00F48C7D /* AdSize.swift */; };
		306D3E0D1E87DD0D00F48C7D /* SwipeViewController.swift in Sources */ = {isa = PBXBuildFile; fileRef = 306D3E0C1E87DD0D00F48C7D /* SwipeViewController.swift */; };
		306D3E111E87DE3200F48C7D /* NoticeListViewController.swift in Sources */ = {isa = PBXBuildFile; fileRef = 306D3E101E87DE3200F48C7D /* NoticeListViewController.swift */; };
		306D3E131E87F6CC00F48C7D /* ViewType.swift in Sources */ = {isa = PBXBuildFile; fileRef = 306D3E121E87F6CC00F48C7D /* ViewType.swift */; };
		306D3E1B1E882B8700F48C7D /* Notice.swift in Sources */ = {isa = PBXBuildFile; fileRef = 306D3E1A1E882B8700F48C7D /* Notice.swift */; };
		306D3E1D1E882EF500F48C7D /* GetService.swift in Sources */ = {isa = PBXBuildFile; fileRef = 306D3E1C1E882EF500F48C7D /* GetService.swift */; };
		306D3E1F1E88394300F48C7D /* Network.swift in Sources */ = {isa = PBXBuildFile; fileRef = 306D3E1E1E88394300F48C7D /* Network.swift */; };
		306D3E211E88976700F48C7D /* CampusMapViewController.swift in Sources */ = {isa = PBXBuildFile; fileRef = 306D3E201E88976700F48C7D /* CampusMapViewController.swift */; };
		306D4B2F1E9613B50000FCA7 /* Class.swift in Sources */ = {isa = PBXBuildFile; fileRef = 306D4B2E1E9613B50000FCA7 /* Class.swift */; };
		306D4B4B1E962F4F0000FCA7 /* NotificationCenter.framework in Frameworks */ = {isa = PBXBuildFile; fileRef = 306D4B351E9627470000FCA7 /* NotificationCenter.framework */; };
		306D4B4E1E962F4F0000FCA7 /* TimeTableViewController.swift in Sources */ = {isa = PBXBuildFile; fileRef = 306D4B4D1E962F4F0000FCA7 /* TimeTableViewController.swift */; };
		306D4B511E962F4F0000FCA7 /* MainInterface.storyboard in Resources */ = {isa = PBXBuildFile; fileRef = 306D4B4F1E962F4F0000FCA7 /* MainInterface.storyboard */; };
		306D4B551E962F4F0000FCA7 /* TimeTableWidget.appex in Embed App Extensions */ = {isa = PBXBuildFile; fileRef = 306D4B4A1E962F4F0000FCA7 /* TimeTableWidget.appex */; settings = {ATTRIBUTES = (RemoveHeadersOnCopy, ); }; };
		306D4B591E965B990000FCA7 /* AdView.xib in Sources */ = {isa = PBXBuildFile; fileRef = 306D3DFF1E8506D700F48C7D /* AdView.xib */; };
		306D4B5A1E965B9E0000FCA7 /* DateView.xib in Sources */ = {isa = PBXBuildFile; fileRef = 3014DF171E8A8A6F00D46672 /* DateView.xib */; };
		306D4B5C1E977A6A0000FCA7 /* Subject.swift in Sources */ = {isa = PBXBuildFile; fileRef = 306D4B5B1E977A6A0000FCA7 /* Subject.swift */; };
		306D4B5E1E97AABE0000FCA7 /* WeekView.swift in Sources */ = {isa = PBXBuildFile; fileRef = 306D4B5D1E97AABE0000FCA7 /* WeekView.swift */; };
		306D4B601E97AB470000FCA7 /* WeekView.xib in Resources */ = {isa = PBXBuildFile; fileRef = 306D4B5F1E97AB470000FCA7 /* WeekView.xib */; };
		306D4B6B1E97E79E0000FCA7 /* WeekViewCell.swift in Sources */ = {isa = PBXBuildFile; fileRef = 306D4B691E97E79E0000FCA7 /* WeekViewCell.swift */; };
		306D4B6C1E97E79E0000FCA7 /* WeekViewCell.swift in Sources */ = {isa = PBXBuildFile; fileRef = 306D4B691E97E79E0000FCA7 /* WeekViewCell.swift */; };
		306D4B6D1E97E79E0000FCA7 /* WeekViewCell.xib in Resources */ = {isa = PBXBuildFile; fileRef = 306D4B6A1E97E79E0000FCA7 /* WeekViewCell.xib */; };
		306D4B7D1E97EE3A0000FCA7 /* TimeViewCell.swift in Sources */ = {isa = PBXBuildFile; fileRef = 306D4B7B1E97EE3A0000FCA7 /* TimeViewCell.swift */; };
		306D4B7E1E97EE3A0000FCA7 /* TimeViewCell.swift in Sources */ = {isa = PBXBuildFile; fileRef = 306D4B7B1E97EE3A0000FCA7 /* TimeViewCell.swift */; };
		306D4B7F1E97EE3A0000FCA7 /* TimeViewCell.xib in Resources */ = {isa = PBXBuildFile; fileRef = 306D4B7C1E97EE3A0000FCA7 /* TimeViewCell.xib */; };
		306D4B801E97EE3A0000FCA7 /* TimeViewCell.xib in Resources */ = {isa = PBXBuildFile; fileRef = 306D4B7C1E97EE3A0000FCA7 /* TimeViewCell.xib */; };
		306D4B821E97EF590000FCA7 /* TimeView.swift in Sources */ = {isa = PBXBuildFile; fileRef = 306D4B811E97EF590000FCA7 /* TimeView.swift */; };
		306D4B831E97EF590000FCA7 /* TimeView.swift in Sources */ = {isa = PBXBuildFile; fileRef = 306D4B811E97EF590000FCA7 /* TimeView.swift */; };
		306D4B851E97EF650000FCA7 /* TimeView.xib in Resources */ = {isa = PBXBuildFile; fileRef = 306D4B841E97EF650000FCA7 /* TimeView.xib */; };
		306D4B861E97EF650000FCA7 /* TimeView.xib in Resources */ = {isa = PBXBuildFile; fileRef = 306D4B841E97EF650000FCA7 /* TimeView.xib */; };
		306D4B8A1E97EFFD0000FCA7 /* DeviceUtil.swift in Sources */ = {isa = PBXBuildFile; fileRef = 306D4B891E97EFFD0000FCA7 /* DeviceUtil.swift */; };
		306D4B8B1E97EFFD0000FCA7 /* DeviceUtil.swift in Sources */ = {isa = PBXBuildFile; fileRef = 306D4B891E97EFFD0000FCA7 /* DeviceUtil.swift */; };
		306D4B8C1E9800820000FCA7 /* TimeTableViewController.swift in Sources */ = {isa = PBXBuildFile; fileRef = 306D4B4D1E962F4F0000FCA7 /* TimeTableViewController.swift */; };
		306D4B8D1E9801210000FCA7 /* TimeScheduleViewController.swift in Sources */ = {isa = PBXBuildFile; fileRef = 3014DF1E1E8AC78E00D46672 /* TimeScheduleViewController.swift */; };
		306D4B961E980D5C0000FCA7 /* TimeTableViewCell.swift in Sources */ = {isa = PBXBuildFile; fileRef = 306D4B941E980D5C0000FCA7 /* TimeTableViewCell.swift */; };
		306D4B971E980D5C0000FCA7 /* TimeTableViewCell.swift in Sources */ = {isa = PBXBuildFile; fileRef = 306D4B941E980D5C0000FCA7 /* TimeTableViewCell.swift */; };
		306D4B981E980D5C0000FCA7 /* TimeTableViewCell.xib in Resources */ = {isa = PBXBuildFile; fileRef = 306D4B951E980D5C0000FCA7 /* TimeTableViewCell.xib */; };
		306D4B991E980D5C0000FCA7 /* TimeTableViewCell.xib in Resources */ = {isa = PBXBuildFile; fileRef = 306D4B951E980D5C0000FCA7 /* TimeTableViewCell.xib */; };
		30B6D89E1EB7641100ED7B65 /* AlertView+ActivityIndicator.swift in Sources */ = {isa = PBXBuildFile; fileRef = 30B6D89D1EB7641100ED7B65 /* AlertView+ActivityIndicator.swift */; };
		30B6D8A01EB84AEB00ED7B65 /* NetWorkUtil.swift in Sources */ = {isa = PBXBuildFile; fileRef = 30B6D89F1EB84AEB00ED7B65 /* NetWorkUtil.swift */; };
		30B6D8A21EB867B100ED7B65 /* AppInfoViewController.swift in Sources */ = {isa = PBXBuildFile; fileRef = 30B6D8A11EB867B000ED7B65 /* AppInfoViewController.swift */; };
		30B9555B1EA4BC63009336A9 /* MenuViewCell.swift in Sources */ = {isa = PBXBuildFile; fileRef = 30B955591EA4BC63009336A9 /* MenuViewCell.swift */; };
		30B9555E1EA4BD3D009336A9 /* MenuViewCell.xib in Resources */ = {isa = PBXBuildFile; fileRef = 30B9555D1EA4BD3D009336A9 /* MenuViewCell.xib */; };
		30BDFA871EB6529700EC522D /* Toaster.framework in Frameworks */ = {isa = PBXBuildFile; fileRef = 30BDFA861EB6529700EC522D /* Toaster.framework */; };
		30BDFA891EB6584B00EC522D /* SplashViewController.swift in Sources */ = {isa = PBXBuildFile; fileRef = 30BDFA881EB6584B00EC522D /* SplashViewController.swift */; };
		30BDFA8B1EB65A8D00EC522D /* MainNavigationController.swift in Sources */ = {isa = PBXBuildFile; fileRef = 30BDFA8A1EB65A8D00EC522D /* MainNavigationController.swift */; };
		30BDFA8D1EB65D2400EC522D /* ClassInfoViewController.swift in Sources */ = {isa = PBXBuildFile; fileRef = 30BDFA8C1EB65D2400EC522D /* ClassInfoViewController.swift */; };
		30BDFA8F1EB65D6600EC522D /* ClassInfo.swift in Sources */ = {isa = PBXBuildFile; fileRef = 30BDFA8E1EB65D6600EC522D /* ClassInfo.swift */; };
		30BDFA911EB65D8400EC522D /* Student.swift in Sources */ = {isa = PBXBuildFile; fileRef = 30BDFA901EB65D8400EC522D /* Student.swift */; };
		30BDFA931EB65DF200EC522D /* StudentListViewController.swift in Sources */ = {isa = PBXBuildFile; fileRef = 30BDFA921EB65DF200EC522D /* StudentListViewController.swift */; };
		30BDFA961EB65E4B00EC522D /* StudentViewCell.swift in Sources */ = {isa = PBXBuildFile; fileRef = 30BDFA941EB65E4B00EC522D /* StudentViewCell.swift */; };
		30BDFA971EB65E4B00EC522D /* StudentViewCell.xib in Resources */ = {isa = PBXBuildFile; fileRef = 30BDFA951EB65E4B00EC522D /* StudentViewCell.xib */; };
		30BDFA991EB65FDE00EC522D /* DateUtil.swift in Sources */ = {isa = PBXBuildFile; fileRef = 30BDFA981EB65FDE00EC522D /* DateUtil.swift */; };
		30E9339A1E7BDB2100B82C20 /* AppDelegate.swift in Sources */ = {isa = PBXBuildFile; fileRef = 30E933991E7BDB2100B82C20 /* AppDelegate.swift */; };
		30E933A21E7BDB2100B82C20 /* SmartCampus.xcdatamodeld in Sources */ = {isa = PBXBuildFile; fileRef = 30E933A01E7BDB2100B82C20 /* SmartCampus.xcdatamodeld */; };
		30E933A41E7BDB2100B82C20 /* Assets.xcassets in Resources */ = {isa = PBXBuildFile; fileRef = 30E933A31E7BDB2100B82C20 /* Assets.xcassets */; };
		30E933AF1E7BF93800B82C20 /* LoginViewController.swift in Sources */ = {isa = PBXBuildFile; fileRef = 30E933AE1E7BF93800B82C20 /* LoginViewController.swift */; };
		30E933B21E7C059900B82C20 /* User.swift in Sources */ = {isa = PBXBuildFile; fileRef = 30E933B11E7C059900B82C20 /* User.swift */; };
		46F73872102D303EC6A6F3B2 /* Pods_SmartCampus.framework in Frameworks */ = {isa = PBXBuildFile; fileRef = 6A94466B1AF82C49E359151D /* Pods_SmartCampus.framework */; };
		742CD2481E9DCD0900946DE9 /* Constraint.swift in Sources */ = {isa = PBXBuildFile; fileRef = 742CD2471E9DCD0900946DE9 /* Constraint.swift */; };
		74CD957A1E9B79F100DFD0DC /* Menu.swift in Sources */ = {isa = PBXBuildFile; fileRef = 74CD95791E9B79F100DFD0DC /* Menu.swift */; };
		74D2BE7D1EB46DCA00A919A2 /* FloatExtension.swift in Sources */ = {isa = PBXBuildFile; fileRef = 74D2BE7C1EB46DCA00A919A2 /* FloatExtension.swift */; };
		74D2BE7F1EB46DE800A919A2 /* Grade.swift in Sources */ = {isa = PBXBuildFile; fileRef = 74D2BE7E1EB46DE800A919A2 /* Grade.swift */; };
		74D2BE811EB46DFB00A919A2 /* GradeBottomCell.swift in Sources */ = {isa = PBXBuildFile; fileRef = 74D2BE801EB46DFB00A919A2 /* GradeBottomCell.swift */; };
		74D2BE831EB46F2E00A919A2 /* GradeBottomPointCell.swift in Sources */ = {isa = PBXBuildFile; fileRef = 74D2BE821EB46F2E00A919A2 /* GradeBottomPointCell.swift */; };
		74D2BE851EB46F3E00A919A2 /* GradeTopCell.swift in Sources */ = {isa = PBXBuildFile; fileRef = 74D2BE841EB46F3E00A919A2 /* GradeTopCell.swift */; };
		74D2BE891EB47B2E00A919A2 /* BeforeGrade.swift in Sources */ = {isa = PBXBuildFile; fileRef = 74D2BE881EB47B2E00A919A2 /* BeforeGrade.swift */; };
		74D2BE8F1EB4C43F00A919A2 /* MapData.swift in Sources */ = {isa = PBXBuildFile; fileRef = 74D2BE8E1EB4C43F00A919A2 /* MapData.swift */; };
		74F967E51EB18DCB00A7C0CA /* AllGrade.swift in Sources */ = {isa = PBXBuildFile; fileRef = 74F967E41EB18DCB00A7C0CA /* AllGrade.swift */; };
/* End PBXBuildFile section */

/* Begin PBXContainerItemProxy section */
		306D4B531E962F4F0000FCA7 /* PBXContainerItemProxy */ = {
			isa = PBXContainerItemProxy;
			containerPortal = 30E9338E1E7BDB2100B82C20 /* Project object */;
			proxyType = 1;
			remoteGlobalIDString = 306D4B491E962F4F0000FCA7;
			remoteInfo = TimeTableWidget;
		};
/* End PBXContainerItemProxy section */

/* Begin PBXCopyFilesBuildPhase section */
		306D4B441E9627470000FCA7 /* Embed App Extensions */ = {
			isa = PBXCopyFilesBuildPhase;
			buildActionMask = 2147483647;
			dstPath = "";
			dstSubfolderSpec = 13;
			files = (
				306D4B551E962F4F0000FCA7 /* TimeTableWidget.appex in Embed App Extensions */,
			);
			name = "Embed App Extensions";
			runOnlyForDeploymentPostprocessing = 0;
		};
/* End PBXCopyFilesBuildPhase section */

/* Begin PBXFileReference section */
		182FB27C1EB0D649002945DF /* Haksa.swift */ = {isa = PBXFileReference; fileEncoding = 4; lastKnownFileType = sourcecode.swift; path = Haksa.swift; sourceTree = "<group>"; };
		1845323F1EB2FAA4004130A6 /* RIGImageGallery.framework */ = {isa = PBXFileReference; lastKnownFileType = wrapper.framework; name = RIGImageGallery.framework; path = "../Library/Developer/Xcode/DerivedData/SmartCampus-fdttwwstffmzosgkpvuartusdura/Build/Products/Debug-iphonesimulator/RIGImageGallery/RIGImageGallery.framework"; sourceTree = "<group>"; };
		1875FD581EB1AA3C0021368A /* RIGImageGallery.framework */ = {isa = PBXFileReference; lastKnownFileType = wrapper.framework; name = RIGImageGallery.framework; path = "../../Library/Developer/Xcode/DerivedData/SmartCampus-agumthdrzhtbjqbyribztjnxdiib/Build/Products/Debug-iphonesimulator/RIGImageGallery/RIGImageGallery.framework"; sourceTree = "<group>"; };
		2D9240F51E0AD74730587989 /* Pods-SmartCampus.release.xcconfig */ = {isa = PBXFileReference; includeInIndex = 1; lastKnownFileType = text.xcconfig; name = "Pods-SmartCampus.release.xcconfig"; path = "Pods/Target Support Files/Pods-SmartCampus/Pods-SmartCampus.release.xcconfig"; sourceTree = "<group>"; };
		300044561EB23014003DE37F /* BoardComment.swift */ = {isa = PBXFileReference; fileEncoding = 4; lastKnownFileType = sourcecode.swift; path = BoardComment.swift; sourceTree = "<group>"; };
		300044581EB247F9003DE37F /* CommentViewCell.swift */ = {isa = PBXFileReference; fileEncoding = 4; lastKnownFileType = sourcecode.swift; path = CommentViewCell.swift; sourceTree = "<group>"; };
		300044591EB247F9003DE37F /* CommentViewCell.xib */ = {isa = PBXFileReference; fileEncoding = 4; lastKnownFileType = file.xib; path = CommentViewCell.xib; sourceTree = "<group>"; };
		3014DEF31E88D35300D46672 /* Food.swift */ = {isa = PBXFileReference; fileEncoding = 4; lastKnownFileType = sourcecode.swift; path = Food.swift; sourceTree = "<group>"; };
		3014DEF71E88EF4900D46672 /* ReadingRoomListViewController.swift */ = {isa = PBXFileReference; fileEncoding = 4; lastKnownFileType = sourcecode.swift; path = ReadingRoomListViewController.swift; sourceTree = "<group>"; };
		3014DEF91E88EFFB00D46672 /* RestaurantViewController.swift */ = {isa = PBXFileReference; fileEncoding = 4; lastKnownFileType = sourcecode.swift; path = RestaurantViewController.swift; sourceTree = "<group>"; };
		3014DEFC1E88FC0A00D46672 /* Base */ = {isa = PBXFileReference; lastKnownFileType = file.storyboard; name = Base; path = Base.lproj/Page.storyboard; sourceTree = "<group>"; };
		3014DEFE1E88FDD800D46672 /* AcademyViewController.swift */ = {isa = PBXFileReference; fileEncoding = 4; lastKnownFileType = sourcecode.swift; path = AcademyViewController.swift; sourceTree = "<group>"; };
		3014DF021E88FE0500D46672 /* GradeViewController.swift */ = {isa = PBXFileReference; fileEncoding = 4; lastKnownFileType = sourcecode.swift; path = GradeViewController.swift; sourceTree = "<group>"; };
		3014DF061E88FE2B00D46672 /* AppViewController.swift */ = {isa = PBXFileReference; fileEncoding = 4; lastKnownFileType = sourcecode.swift; path = AppViewController.swift; sourceTree = "<group>"; };
		3014DF091E89494B00D46672 /* NoticeViewController.swift */ = {isa = PBXFileReference; fileEncoding = 4; lastKnownFileType = sourcecode.swift; path = NoticeViewController.swift; sourceTree = "<group>"; };
		3014DF121E8A22A300D46672 /* ReadingRoom.swift */ = {isa = PBXFileReference; fileEncoding = 4; lastKnownFileType = sourcecode.swift; path = ReadingRoom.swift; sourceTree = "<group>"; };
		3014DF141E8A568500D46672 /* ReadingRoomViewController.swift */ = {isa = PBXFileReference; fileEncoding = 4; lastKnownFileType = sourcecode.swift; path = ReadingRoomViewController.swift; sourceTree = "<group>"; };
		3014DF161E8A8A6F00D46672 /* DateView.swift */ = {isa = PBXFileReference; fileEncoding = 4; lastKnownFileType = sourcecode.swift; path = DateView.swift; sourceTree = "<group>"; };
		3014DF171E8A8A6F00D46672 /* DateView.xib */ = {isa = PBXFileReference; fileEncoding = 4; lastKnownFileType = file.xib; path = DateView.xib; sourceTree = "<group>"; };
		3014DF1A1E8AAA2C00D46672 /* ClassListViewController.swift */ = {isa = PBXFileReference; fileEncoding = 4; lastKnownFileType = sourcecode.swift; path = ClassListViewController.swift; sourceTree = "<group>"; };
		3014DF1E1E8AC78E00D46672 /* TimeScheduleViewController.swift */ = {isa = PBXFileReference; fileEncoding = 4; lastKnownFileType = sourcecode.swift; path = TimeScheduleViewController.swift; sourceTree = "<group>"; };
		3014DF221E8B926500D46672 /* Board.swift */ = {isa = PBXFileReference; fileEncoding = 4; lastKnownFileType = sourcecode.swift; path = Board.swift; sourceTree = "<group>"; };
		3014DF241E8B94D800D46672 /* BoardListViewController.swift */ = {isa = PBXFileReference; fileEncoding = 4; lastKnownFileType = sourcecode.swift; path = BoardListViewController.swift; sourceTree = "<group>"; };
		3028697B1EB197BD001FA02C /* BoardViewController.swift */ = {isa = PBXFileReference; fileEncoding = 4; lastKnownFileType = sourcecode.swift; path = BoardViewController.swift; sourceTree = "<group>"; };
		302869811EB1EB29001FA02C /* PostBoardViewController.swift */ = {isa = PBXFileReference; fileEncoding = 4; lastKnownFileType = sourcecode.swift; path = PostBoardViewController.swift; sourceTree = "<group>"; };
		302869831EB1EDAB001FA02C /* ReadRoomViewCell.swift */ = {isa = PBXFileReference; fileEncoding = 4; lastKnownFileType = sourcecode.swift; path = ReadRoomViewCell.swift; sourceTree = "<group>"; };
		302869841EB1EDAB001FA02C /* ReadRoomViewCell.xib */ = {isa = PBXFileReference; fileEncoding = 4; lastKnownFileType = file.xib; path = ReadRoomViewCell.xib; sourceTree = "<group>"; };
		302869871EB1F858001FA02C /* BoardViewCell.swift */ = {isa = PBXFileReference; fileEncoding = 4; lastKnownFileType = sourcecode.swift; path = BoardViewCell.swift; sourceTree = "<group>"; };
		302869881EB1F858001FA02C /* BoardViewCell.xib */ = {isa = PBXFileReference; fileEncoding = 4; lastKnownFileType = file.xib; path = BoardViewCell.xib; sourceTree = "<group>"; };
		3028698D1EB217DE001FA02C /* PostService.swift */ = {isa = PBXFileReference; fileEncoding = 4; lastKnownFileType = sourcecode.swift; path = PostService.swift; sourceTree = "<group>"; };
		3028698F1EB21BE8001FA02C /* BoardContent.swift */ = {isa = PBXFileReference; fileEncoding = 4; lastKnownFileType = sourcecode.swift; path = BoardContent.swift; sourceTree = "<group>"; };
		305490481EB6CD9100EB2C84 /* Unwrapper.swift */ = {isa = PBXFileReference; fileEncoding = 4; lastKnownFileType = sourcecode.swift; path = Unwrapper.swift; sourceTree = "<group>"; };
		3054904C1EB70D0600EB2C84 /* NoticeViewCell.swift */ = {isa = PBXFileReference; fileEncoding = 4; lastKnownFileType = sourcecode.swift; path = NoticeViewCell.swift; sourceTree = "<group>"; };
		3054904D1EB70D0600EB2C84 /* NoticeViewCell.xib */ = {isa = PBXFileReference; fileEncoding = 4; lastKnownFileType = file.xib; path = NoticeViewCell.xib; sourceTree = "<group>"; };
		305490541EB70F3100EB2C84 /* ClassViewCell.swift */ = {isa = PBXFileReference; fileEncoding = 4; lastKnownFileType = sourcecode.swift; path = ClassViewCell.swift; sourceTree = "<group>"; };
		305490551EB70F3100EB2C84 /* ClassViewCell.xib */ = {isa = PBXFileReference; fileEncoding = 4; lastKnownFileType = file.xib; path = ClassViewCell.xib; sourceTree = "<group>"; };
		305490A11EB741DA00EB2C84 /* Alamofire.framework */ = {isa = PBXFileReference; lastKnownFileType = wrapper.framework; name = Alamofire.framework; path = "../../../Library/Developer/Xcode/DerivedData/SmartCampus-ecggxifpiggmcjfpjtomqjpgorym/Build/Products/Debug-iphonesimulator/Alamofire/Alamofire.framework"; sourceTree = "<group>"; };
		306D3DCA1E82D22400F48C7D /* AuthService.swift */ = {isa = PBXFileReference; fileEncoding = 4; lastKnownFileType = sourcecode.swift; path = AuthService.swift; sourceTree = "<group>"; };
		306D3DCC1E83766E00F48C7D /* UserService.swift */ = {isa = PBXFileReference; fileEncoding = 4; lastKnownFileType = sourcecode.swift; path = UserService.swift; sourceTree = "<group>"; };
		306D3DDB1E83A30800F48C7D /* MainViewController.swift */ = {isa = PBXFileReference; fileEncoding = 4; lastKnownFileType = sourcecode.swift; path = MainViewController.swift; sourceTree = "<group>"; };
		306D3DE21E83A96E00F48C7D /* MainButtonSize.swift */ = {isa = PBXFileReference; fileEncoding = 4; lastKnownFileType = sourcecode.swift; path = MainButtonSize.swift; sourceTree = "<group>"; };
		306D3DE61E83B30A00F48C7D /* HexColor.swift */ = {isa = PBXFileReference; fileEncoding = 4; lastKnownFileType = sourcecode.swift; path = HexColor.swift; sourceTree = "<group>"; };
		306D3DE81E83B8D600F48C7D /* CheckBox.swift */ = {isa = PBXFileReference; fileEncoding = 4; lastKnownFileType = sourcecode.swift; path = CheckBox.swift; sourceTree = "<group>"; };
		306D3DEC1E84072400F48C7D /* NavigationDrawer.swift */ = {isa = PBXFileReference; fileEncoding = 4; lastKnownFileType = sourcecode.swift; path = NavigationDrawer.swift; sourceTree = "<group>"; };
		306D3DEE1E840A1900F48C7D /* NavigationDrawer.xib */ = {isa = PBXFileReference; fileEncoding = 4; lastKnownFileType = file.xib; path = NavigationDrawer.xib; sourceTree = "<group>"; };
		306D3DF11E841F1500F48C7D /* Response+ErrorInfo.swift */ = {isa = PBXFileReference; fileEncoding = 4; lastKnownFileType = sourcecode.swift; path = "Response+ErrorInfo.swift"; sourceTree = "<group>"; };
		306D3DF31E841F2E00F48C7D /* MappingError.swift */ = {isa = PBXFileReference; fileEncoding = 4; lastKnownFileType = sourcecode.swift; path = MappingError.swift; sourceTree = "<group>"; };
		306D3DF51E841F3F00F48C7D /* DataResponse+MapResult.swift */ = {isa = PBXFileReference; fileEncoding = 4; lastKnownFileType = sourcecode.swift; path = "DataResponse+MapResult.swift"; sourceTree = "<group>"; };
		306D3DF91E84503B00F48C7D /* buttonType.swift */ = {isa = PBXFileReference; fileEncoding = 4; lastKnownFileType = sourcecode.swift; path = buttonType.swift; sourceTree = "<group>"; };
		306D3DFF1E8506D700F48C7D /* AdView.xib */ = {isa = PBXFileReference; fileEncoding = 4; lastKnownFileType = file.xib; path = AdView.xib; sourceTree = "<group>"; };
		306D3E011E85070C00F48C7D /* AdView.swift */ = {isa = PBXFileReference; fileEncoding = 4; lastKnownFileType = sourcecode.swift; path = AdView.swift; sourceTree = "<group>"; };
		306D3E051E85F9AF00F48C7D /* AdSize.swift */ = {isa = PBXFileReference; fileEncoding = 4; lastKnownFileType = sourcecode.swift; path = AdSize.swift; sourceTree = "<group>"; };
		306D3E0C1E87DD0D00F48C7D /* SwipeViewController.swift */ = {isa = PBXFileReference; fileEncoding = 4; lastKnownFileType = sourcecode.swift; path = SwipeViewController.swift; sourceTree = "<group>"; };
		306D3E101E87DE3200F48C7D /* NoticeListViewController.swift */ = {isa = PBXFileReference; fileEncoding = 4; lastKnownFileType = sourcecode.swift; path = NoticeListViewController.swift; sourceTree = "<group>"; };
		306D3E121E87F6CC00F48C7D /* ViewType.swift */ = {isa = PBXFileReference; fileEncoding = 4; lastKnownFileType = sourcecode.swift; path = ViewType.swift; sourceTree = "<group>"; };
		306D3E1A1E882B8700F48C7D /* Notice.swift */ = {isa = PBXFileReference; fileEncoding = 4; lastKnownFileType = sourcecode.swift; path = Notice.swift; sourceTree = "<group>"; };
		306D3E1C1E882EF500F48C7D /* GetService.swift */ = {isa = PBXFileReference; fileEncoding = 4; lastKnownFileType = sourcecode.swift; path = GetService.swift; sourceTree = "<group>"; };
		306D3E1E1E88394300F48C7D /* Network.swift */ = {isa = PBXFileReference; fileEncoding = 4; lastKnownFileType = sourcecode.swift; path = Network.swift; sourceTree = "<group>"; };
		306D3E201E88976700F48C7D /* CampusMapViewController.swift */ = {isa = PBXFileReference; fileEncoding = 4; lastKnownFileType = sourcecode.swift; path = CampusMapViewController.swift; sourceTree = "<group>"; };
		306D4B2E1E9613B50000FCA7 /* Class.swift */ = {isa = PBXFileReference; fileEncoding = 4; lastKnownFileType = sourcecode.swift; path = Class.swift; sourceTree = "<group>"; };
		306D4B351E9627470000FCA7 /* NotificationCenter.framework */ = {isa = PBXFileReference; lastKnownFileType = wrapper.framework; name = NotificationCenter.framework; path = System/Library/Frameworks/NotificationCenter.framework; sourceTree = SDKROOT; };
		306D4B451E962D3D0000FCA7 /* SmartCampus.entitlements */ = {isa = PBXFileReference; lastKnownFileType = text.plist.entitlements; path = SmartCampus.entitlements; sourceTree = "<group>"; };
		306D4B4A1E962F4F0000FCA7 /* TimeTableWidget.appex */ = {isa = PBXFileReference; explicitFileType = "wrapper.app-extension"; includeInIndex = 0; path = TimeTableWidget.appex; sourceTree = BUILT_PRODUCTS_DIR; };
		306D4B4D1E962F4F0000FCA7 /* TimeTableViewController.swift */ = {isa = PBXFileReference; lastKnownFileType = sourcecode.swift; path = TimeTableViewController.swift; sourceTree = "<group>"; };
		306D4B501E962F4F0000FCA7 /* Base */ = {isa = PBXFileReference; lastKnownFileType = file.storyboard; name = Base; path = Base.lproj/MainInterface.storyboard; sourceTree = "<group>"; };
		306D4B521E962F4F0000FCA7 /* Info.plist */ = {isa = PBXFileReference; lastKnownFileType = text.plist.xml; path = Info.plist; sourceTree = "<group>"; };
		306D4B5B1E977A6A0000FCA7 /* Subject.swift */ = {isa = PBXFileReference; fileEncoding = 4; lastKnownFileType = sourcecode.swift; path = Subject.swift; sourceTree = "<group>"; };
		306D4B5D1E97AABE0000FCA7 /* WeekView.swift */ = {isa = PBXFileReference; fileEncoding = 4; lastKnownFileType = sourcecode.swift; path = WeekView.swift; sourceTree = "<group>"; };
		306D4B5F1E97AB470000FCA7 /* WeekView.xib */ = {isa = PBXFileReference; fileEncoding = 4; lastKnownFileType = file.xib; path = WeekView.xib; sourceTree = "<group>"; };
		306D4B691E97E79E0000FCA7 /* WeekViewCell.swift */ = {isa = PBXFileReference; fileEncoding = 4; lastKnownFileType = sourcecode.swift; path = WeekViewCell.swift; sourceTree = "<group>"; };
		306D4B6A1E97E79E0000FCA7 /* WeekViewCell.xib */ = {isa = PBXFileReference; fileEncoding = 4; lastKnownFileType = file.xib; path = WeekViewCell.xib; sourceTree = "<group>"; };
		306D4B7B1E97EE3A0000FCA7 /* TimeViewCell.swift */ = {isa = PBXFileReference; fileEncoding = 4; lastKnownFileType = sourcecode.swift; path = TimeViewCell.swift; sourceTree = "<group>"; };
		306D4B7C1E97EE3A0000FCA7 /* TimeViewCell.xib */ = {isa = PBXFileReference; fileEncoding = 4; lastKnownFileType = file.xib; path = TimeViewCell.xib; sourceTree = "<group>"; };
		306D4B811E97EF590000FCA7 /* TimeView.swift */ = {isa = PBXFileReference; fileEncoding = 4; lastKnownFileType = sourcecode.swift; path = TimeView.swift; sourceTree = "<group>"; };
		306D4B841E97EF650000FCA7 /* TimeView.xib */ = {isa = PBXFileReference; fileEncoding = 4; lastKnownFileType = file.xib; path = TimeView.xib; sourceTree = "<group>"; };
		306D4B891E97EFFD0000FCA7 /* DeviceUtil.swift */ = {isa = PBXFileReference; fileEncoding = 4; lastKnownFileType = sourcecode.swift; path = DeviceUtil.swift; sourceTree = "<group>"; };
		306D4B941E980D5C0000FCA7 /* TimeTableViewCell.swift */ = {isa = PBXFileReference; fileEncoding = 4; lastKnownFileType = sourcecode.swift; path = TimeTableViewCell.swift; sourceTree = "<group>"; };
		306D4B951E980D5C0000FCA7 /* TimeTableViewCell.xib */ = {isa = PBXFileReference; fileEncoding = 4; lastKnownFileType = file.xib; path = TimeTableViewCell.xib; sourceTree = "<group>"; };
		30B6D89D1EB7641100ED7B65 /* AlertView+ActivityIndicator.swift */ = {isa = PBXFileReference; fileEncoding = 4; lastKnownFileType = sourcecode.swift; path = "AlertView+ActivityIndicator.swift"; sourceTree = "<group>"; };
		30B6D89F1EB84AEB00ED7B65 /* NetWorkUtil.swift */ = {isa = PBXFileReference; fileEncoding = 4; lastKnownFileType = sourcecode.swift; path = NetWorkUtil.swift; sourceTree = "<group>"; };
		30B6D8A11EB867B000ED7B65 /* AppInfoViewController.swift */ = {isa = PBXFileReference; fileEncoding = 4; lastKnownFileType = sourcecode.swift; path = AppInfoViewController.swift; sourceTree = "<group>"; };
		30B955591EA4BC63009336A9 /* MenuViewCell.swift */ = {isa = PBXFileReference; fileEncoding = 4; lastKnownFileType = sourcecode.swift; path = MenuViewCell.swift; sourceTree = "<group>"; };
		30B9555D1EA4BD3D009336A9 /* MenuViewCell.xib */ = {isa = PBXFileReference; fileEncoding = 4; lastKnownFileType = file.xib; path = MenuViewCell.xib; sourceTree = "<group>"; };
		30B9555F1EA631A3009336A9 /* TableCellColor.swift */ = {isa = PBXFileReference; fileEncoding = 4; lastKnownFileType = sourcecode.swift; path = TableCellColor.swift; sourceTree = "<group>"; };
		30BDFA861EB6529700EC522D /* Toaster.framework */ = {isa = PBXFileReference; lastKnownFileType = wrapper.framework; name = Toaster.framework; path = "Pods/../build/Debug-iphoneos/Toaster.framework"; sourceTree = "<group>"; };
		30BDFA881EB6584B00EC522D /* SplashViewController.swift */ = {isa = PBXFileReference; fileEncoding = 4; lastKnownFileType = sourcecode.swift; path = SplashViewController.swift; sourceTree = "<group>"; };
		30BDFA8A1EB65A8D00EC522D /* MainNavigationController.swift */ = {isa = PBXFileReference; fileEncoding = 4; lastKnownFileType = sourcecode.swift; path = MainNavigationController.swift; sourceTree = "<group>"; };
		30BDFA8C1EB65D2400EC522D /* ClassInfoViewController.swift */ = {isa = PBXFileReference; fileEncoding = 4; lastKnownFileType = sourcecode.swift; path = ClassInfoViewController.swift; sourceTree = "<group>"; };
		30BDFA8E1EB65D6600EC522D /* ClassInfo.swift */ = {isa = PBXFileReference; fileEncoding = 4; lastKnownFileType = sourcecode.swift; path = ClassInfo.swift; sourceTree = "<group>"; };
		30BDFA901EB65D8400EC522D /* Student.swift */ = {isa = PBXFileReference; fileEncoding = 4; lastKnownFileType = sourcecode.swift; path = Student.swift; sourceTree = "<group>"; };
		30BDFA921EB65DF200EC522D /* StudentListViewController.swift */ = {isa = PBXFileReference; fileEncoding = 4; lastKnownFileType = sourcecode.swift; path = StudentListViewController.swift; sourceTree = "<group>"; };
		30BDFA941EB65E4B00EC522D /* StudentViewCell.swift */ = {isa = PBXFileReference; fileEncoding = 4; lastKnownFileType = sourcecode.swift; path = StudentViewCell.swift; sourceTree = "<group>"; };
		30BDFA951EB65E4B00EC522D /* StudentViewCell.xib */ = {isa = PBXFileReference; fileEncoding = 4; lastKnownFileType = file.xib; path = StudentViewCell.xib; sourceTree = "<group>"; };
		30BDFA981EB65FDE00EC522D /* DateUtil.swift */ = {isa = PBXFileReference; fileEncoding = 4; lastKnownFileType = sourcecode.swift; path = DateUtil.swift; sourceTree = "<group>"; };
		30E933961E7BDB2100B82C20 /* SmartCampus.app */ = {isa = PBXFileReference; explicitFileType = wrapper.application; includeInIndex = 0; path = SmartCampus.app; sourceTree = BUILT_PRODUCTS_DIR; };
		30E933991E7BDB2100B82C20 /* AppDelegate.swift */ = {isa = PBXFileReference; lastKnownFileType = sourcecode.swift; path = AppDelegate.swift; sourceTree = "<group>"; };
		30E9339E1E7BDB2100B82C20 /* Base */ = {isa = PBXFileReference; lastKnownFileType = file.storyboard; name = Base; path = Base.lproj/Main.storyboard; sourceTree = "<group>"; };
		30E933A11E7BDB2100B82C20 /* SmartCampus.xcdatamodel */ = {isa = PBXFileReference; lastKnownFileType = wrapper.xcdatamodel; path = SmartCampus.xcdatamodel; sourceTree = "<group>"; };
		30E933A31E7BDB2100B82C20 /* Assets.xcassets */ = {isa = PBXFileReference; lastKnownFileType = folder.assetcatalog; path = Assets.xcassets; sourceTree = "<group>"; };
		30E933A61E7BDB2100B82C20 /* Base */ = {isa = PBXFileReference; lastKnownFileType = file.storyboard; name = Base; path = Base.lproj/LaunchScreen.storyboard; sourceTree = "<group>"; };
		30E933A81E7BDB2100B82C20 /* Info.plist */ = {isa = PBXFileReference; lastKnownFileType = text.plist.xml; path = Info.plist; sourceTree = "<group>"; };
		30E933AE1E7BF93800B82C20 /* LoginViewController.swift */ = {isa = PBXFileReference; fileEncoding = 4; lastKnownFileType = sourcecode.swift; path = LoginViewController.swift; sourceTree = "<group>"; };
		30E933B11E7C059900B82C20 /* User.swift */ = {isa = PBXFileReference; fileEncoding = 4; lastKnownFileType = sourcecode.swift; path = User.swift; sourceTree = "<group>"; };
		6A94466B1AF82C49E359151D /* Pods_SmartCampus.framework */ = {isa = PBXFileReference; explicitFileType = wrapper.framework; includeInIndex = 0; path = Pods_SmartCampus.framework; sourceTree = BUILT_PRODUCTS_DIR; };
		742CD2471E9DCD0900946DE9 /* Constraint.swift */ = {isa = PBXFileReference; fileEncoding = 4; lastKnownFileType = sourcecode.swift; path = Constraint.swift; sourceTree = "<group>"; };
		74CD95791E9B79F100DFD0DC /* Menu.swift */ = {isa = PBXFileReference; fileEncoding = 4; lastKnownFileType = sourcecode.swift; path = Menu.swift; sourceTree = "<group>"; };
		74D2BE7C1EB46DCA00A919A2 /* FloatExtension.swift */ = {isa = PBXFileReference; fileEncoding = 4; lastKnownFileType = sourcecode.swift; path = FloatExtension.swift; sourceTree = "<group>"; };
		74D2BE7E1EB46DE800A919A2 /* Grade.swift */ = {isa = PBXFileReference; fileEncoding = 4; lastKnownFileType = sourcecode.swift; path = Grade.swift; sourceTree = "<group>"; };
		74D2BE801EB46DFB00A919A2 /* GradeBottomCell.swift */ = {isa = PBXFileReference; fileEncoding = 4; lastKnownFileType = sourcecode.swift; path = GradeBottomCell.swift; sourceTree = "<group>"; };
		74D2BE821EB46F2E00A919A2 /* GradeBottomPointCell.swift */ = {isa = PBXFileReference; fileEncoding = 4; lastKnownFileType = sourcecode.swift; path = GradeBottomPointCell.swift; sourceTree = "<group>"; };
		74D2BE841EB46F3E00A919A2 /* GradeTopCell.swift */ = {isa = PBXFileReference; fileEncoding = 4; lastKnownFileType = sourcecode.swift; path = GradeTopCell.swift; sourceTree = "<group>"; };
		74D2BE881EB47B2E00A919A2 /* BeforeGrade.swift */ = {isa = PBXFileReference; fileEncoding = 4; lastKnownFileType = sourcecode.swift; path = BeforeGrade.swift; sourceTree = "<group>"; };
		74D2BE8E1EB4C43F00A919A2 /* MapData.swift */ = {isa = PBXFileReference; fileEncoding = 4; lastKnownFileType = sourcecode.swift; path = MapData.swift; sourceTree = "<group>"; };
		74F967E41EB18DCB00A7C0CA /* AllGrade.swift */ = {isa = PBXFileReference; fileEncoding = 4; lastKnownFileType = sourcecode.swift; path = AllGrade.swift; sourceTree = "<group>"; };
		AF69A9EEA56363ABA777294D /* Pods-SmartCampus.debug.xcconfig */ = {isa = PBXFileReference; includeInIndex = 1; lastKnownFileType = text.xcconfig; name = "Pods-SmartCampus.debug.xcconfig"; path = "Pods/Target Support Files/Pods-SmartCampus/Pods-SmartCampus.debug.xcconfig"; sourceTree = "<group>"; };
/* End PBXFileReference section */

/* Begin PBXFrameworksBuildPhase section */
		306D4B471E962F4F0000FCA7 /* Frameworks */ = {
			isa = PBXFrameworksBuildPhase;
			buildActionMask = 2147483647;
			files = (
				306D4B4B1E962F4F0000FCA7 /* NotificationCenter.framework in Frameworks */,
			);
			runOnlyForDeploymentPostprocessing = 0;
		};
		30E933931E7BDB2100B82C20 /* Frameworks */ = {
			isa = PBXFrameworksBuildPhase;
			buildActionMask = 2147483647;
			files = (
				30BDFA871EB6529700EC522D /* Toaster.framework in Frameworks */,
				184532441EB2FB84004130A6 /* RIGImageGallery.framework in Frameworks */,
				46F73872102D303EC6A6F3B2 /* Pods_SmartCampus.framework in Frameworks */,
			);
			runOnlyForDeploymentPostprocessing = 0;
		};
/* End PBXFrameworksBuildPhase section */

/* Begin PBXGroup section */
		306D3DC81E82D00A00F48C7D /* ViewControllers */ = {
			isa = PBXGroup;
			children = (
				30BDFA881EB6584B00EC522D /* SplashViewController.swift */,
				30E933AE1E7BF93800B82C20 /* LoginViewController.swift */,
				30BDFA8A1EB65A8D00EC522D /* MainNavigationController.swift */,
				306D3DDB1E83A30800F48C7D /* MainViewController.swift */,
				306D3E0C1E87DD0D00F48C7D /* SwipeViewController.swift */,
				3014DEFE1E88FDD800D46672 /* AcademyViewController.swift */,
				306D3E101E87DE3200F48C7D /* NoticeListViewController.swift */,
				3014DF091E89494B00D46672 /* NoticeViewController.swift */,
				306D3E201E88976700F48C7D /* CampusMapViewController.swift */,
				3014DEF71E88EF4900D46672 /* ReadingRoomListViewController.swift */,
				3014DF141E8A568500D46672 /* ReadingRoomViewController.swift */,
				3014DEF91E88EFFB00D46672 /* RestaurantViewController.swift */,
				3014DF1E1E8AC78E00D46672 /* TimeScheduleViewController.swift */,
				3014DF1A1E8AAA2C00D46672 /* ClassListViewController.swift */,
				30BDFA8C1EB65D2400EC522D /* ClassInfoViewController.swift */,
				30BDFA921EB65DF200EC522D /* StudentListViewController.swift */,
				3014DF021E88FE0500D46672 /* GradeViewController.swift */,
				3014DF061E88FE2B00D46672 /* AppViewController.swift */,
				3014DF241E8B94D800D46672 /* BoardListViewController.swift */,
				3028697B1EB197BD001FA02C /* BoardViewController.swift */,
				302869811EB1EB29001FA02C /* PostBoardViewController.swift */,
				30B6D8A11EB867B000ED7B65 /* AppInfoViewController.swift */,
			);
			name = ViewControllers;
			sourceTree = "<group>";
		};
		306D3DC91E82D21500F48C7D /* Services */ = {
			isa = PBXGroup;
			children = (
				306D3DCA1E82D22400F48C7D /* AuthService.swift */,
				306D3DCC1E83766E00F48C7D /* UserService.swift */,
				306D3E1C1E882EF500F48C7D /* GetService.swift */,
				3028698D1EB217DE001FA02C /* PostService.swift */,
			);
			name = Services;
			sourceTree = "<group>";
		};
		306D3DDE1E83A78B00F48C7D /* Resources */ = {
			isa = PBXGroup;
			children = (
				30E933A31E7BDB2100B82C20 /* Assets.xcassets */,
				30E933A51E7BDB2100B82C20 /* LaunchScreen.storyboard */,
			);
			name = Resources;
			sourceTree = "<group>";
		};
		306D3DDF1E83A7A700F48C7D /* Supporting Files */ = {
			isa = PBXGroup;
			children = (
				30E933A81E7BDB2100B82C20 /* Info.plist */,
			);
			name = "Supporting Files";
			sourceTree = "<group>";
		};
		306D3DE11E83A93700F48C7D /* Types */ = {
			isa = PBXGroup;
			children = (
				30B9555F1EA631A3009336A9 /* TableCellColor.swift */,
				306D3E1E1E88394300F48C7D /* Network.swift */,
				306D3DE21E83A96E00F48C7D /* MainButtonSize.swift */,
				306D3E051E85F9AF00F48C7D /* AdSize.swift */,
				306D3E121E87F6CC00F48C7D /* ViewType.swift */,
			);
			name = Types;
			sourceTree = "<group>";
		};
		306D3DE41E83ADB500F48C7D /* Views */ = {
			isa = PBXGroup;
			children = (
				306D3E221E88AFB600F48C7D /* Cell */,
				306D3DE81E83B8D600F48C7D /* CheckBox.swift */,
				306D3DEC1E84072400F48C7D /* NavigationDrawer.swift */,
				306D3DEE1E840A1900F48C7D /* NavigationDrawer.xib */,
				306D3E011E85070C00F48C7D /* AdView.swift */,
				306D3DFF1E8506D700F48C7D /* AdView.xib */,
				3014DF161E8A8A6F00D46672 /* DateView.swift */,
				3014DF171E8A8A6F00D46672 /* DateView.xib */,
				306D4B5D1E97AABE0000FCA7 /* WeekView.swift */,
				306D4B5F1E97AB470000FCA7 /* WeekView.xib */,
				306D4B811E97EF590000FCA7 /* TimeView.swift */,
				306D4B841E97EF650000FCA7 /* TimeView.xib */,
			);
			name = Views;
			sourceTree = "<group>";
		};
		306D3DE51E83B2F500F48C7D /* Utils */ = {
			isa = PBXGroup;
			children = (
				306D3DE61E83B30A00F48C7D /* HexColor.swift */,
				306D4B891E97EFFD0000FCA7 /* DeviceUtil.swift */,
				742CD2471E9DCD0900946DE9 /* Constraint.swift */,
				74D2BE7C1EB46DCA00A919A2 /* FloatExtension.swift */,
				30BDFA981EB65FDE00EC522D /* DateUtil.swift */,
				305490481EB6CD9100EB2C84 /* Unwrapper.swift */,
				30B6D89D1EB7641100ED7B65 /* AlertView+ActivityIndicator.swift */,
				30B6D89F1EB84AEB00ED7B65 /* NetWorkUtil.swift */,
			);
			name = Utils;
			sourceTree = "<group>";
		};
		306D3DF01E841F0300F48C7D /* Networking */ = {
			isa = PBXGroup;
			children = (
				306D3DF11E841F1500F48C7D /* Response+ErrorInfo.swift */,
				306D3DF31E841F2E00F48C7D /* MappingError.swift */,
				306D3DF51E841F3F00F48C7D /* DataResponse+MapResult.swift */,
			);
			name = Networking;
			sourceTree = "<group>";
		};
		306D3E221E88AFB600F48C7D /* Cell */ = {
			isa = PBXGroup;
			children = (
				306D3DF91E84503B00F48C7D /* buttonType.swift */,
				3054904C1EB70D0600EB2C84 /* NoticeViewCell.swift */,
				3054904D1EB70D0600EB2C84 /* NoticeViewCell.xib */,
				306D4B691E97E79E0000FCA7 /* WeekViewCell.swift */,
				306D4B6A1E97E79E0000FCA7 /* WeekViewCell.xib */,
				306D4B7B1E97EE3A0000FCA7 /* TimeViewCell.swift */,
				306D4B7C1E97EE3A0000FCA7 /* TimeViewCell.xib */,
				306D4B941E980D5C0000FCA7 /* TimeTableViewCell.swift */,
				306D4B951E980D5C0000FCA7 /* TimeTableViewCell.xib */,
				30B955591EA4BC63009336A9 /* MenuViewCell.swift */,
				30B9555D1EA4BD3D009336A9 /* MenuViewCell.xib */,
				302869831EB1EDAB001FA02C /* ReadRoomViewCell.swift */,
				302869841EB1EDAB001FA02C /* ReadRoomViewCell.xib */,
				302869871EB1F858001FA02C /* BoardViewCell.swift */,
				302869881EB1F858001FA02C /* BoardViewCell.xib */,
				300044581EB247F9003DE37F /* CommentViewCell.swift */,
				300044591EB247F9003DE37F /* CommentViewCell.xib */,
				74D2BE801EB46DFB00A919A2 /* GradeBottomCell.swift */,
				74D2BE821EB46F2E00A919A2 /* GradeBottomPointCell.swift */,
				74D2BE841EB46F3E00A919A2 /* GradeTopCell.swift */,
				30BDFA941EB65E4B00EC522D /* StudentViewCell.swift */,
				30BDFA951EB65E4B00EC522D /* StudentViewCell.xib */,
				305490541EB70F3100EB2C84 /* ClassViewCell.swift */,
				305490551EB70F3100EB2C84 /* ClassViewCell.xib */,
			);
			name = Cell;
			sourceTree = "<group>";
		};
		306D4B4C1E962F4F0000FCA7 /* TimeTableWidget */ = {
			isa = PBXGroup;
			children = (
				306D4B4D1E962F4F0000FCA7 /* TimeTableViewController.swift */,
				306D4B4F1E962F4F0000FCA7 /* MainInterface.storyboard */,
				306D4B521E962F4F0000FCA7 /* Info.plist */,
			);
			path = TimeTableWidget;
			sourceTree = "<group>";
		};
		30E9338D1E7BDB2100B82C20 = {
			isa = PBXGroup;
			children = (
				30E933981E7BDB2100B82C20 /* SmartCampus */,
				306D4B4C1E962F4F0000FCA7 /* TimeTableWidget */,
				30E933971E7BDB2100B82C20 /* Products */,
				7B0E1CF583E30F6D8118238D /* Pods */,
				5864F9BF107044E9423A8B29 /* Frameworks */,
			);
			sourceTree = "<group>";
		};
		30E933971E7BDB2100B82C20 /* Products */ = {
			isa = PBXGroup;
			children = (
				30E933961E7BDB2100B82C20 /* SmartCampus.app */,
				306D4B4A1E962F4F0000FCA7 /* TimeTableWidget.appex */,
			);
			name = Products;
			sourceTree = "<group>";
		};
		30E933981E7BDB2100B82C20 /* SmartCampus */ = {
			isa = PBXGroup;
			children = (
				306D4B451E962D3D0000FCA7 /* SmartCampus.entitlements */,
				306D3DF01E841F0300F48C7D /* Networking */,
				306D3DC91E82D21500F48C7D /* Services */,
				306D3DC81E82D00A00F48C7D /* ViewControllers */,
				306D3DE41E83ADB500F48C7D /* Views */,
				30E933B01E7C04E000B82C20 /* Models */,
				306D3DE11E83A93700F48C7D /* Types */,
				306D3DDE1E83A78B00F48C7D /* Resources */,
				306D3DE51E83B2F500F48C7D /* Utils */,
				306D3DDF1E83A7A700F48C7D /* Supporting Files */,
				30E933991E7BDB2100B82C20 /* AppDelegate.swift */,
				30E9339D1E7BDB2100B82C20 /* Main.storyboard */,
				3014DEFB1E88FC0A00D46672 /* Page.storyboard */,
				30E933A01E7BDB2100B82C20 /* SmartCampus.xcdatamodeld */,
			);
			path = SmartCampus;
			sourceTree = "<group>";
		};
		30E933B01E7C04E000B82C20 /* Models */ = {
			isa = PBXGroup;
			children = (
				30E933B11E7C059900B82C20 /* User.swift */,
				306D3E1A1E882B8700F48C7D /* Notice.swift */,
				3014DEF31E88D35300D46672 /* Food.swift */,
				3014DF121E8A22A300D46672 /* ReadingRoom.swift */,
				3014DF221E8B926500D46672 /* Board.swift */,
				306D4B2E1E9613B50000FCA7 /* Class.swift */,
				306D4B5B1E977A6A0000FCA7 /* Subject.swift */,
				74CD95791E9B79F100DFD0DC /* Menu.swift */,
				182FB27C1EB0D649002945DF /* Haksa.swift */,
				74F967E41EB18DCB00A7C0CA /* AllGrade.swift */,
				3028698F1EB21BE8001FA02C /* BoardContent.swift */,
				300044561EB23014003DE37F /* BoardComment.swift */,
				30BDFA8E1EB65D6600EC522D /* ClassInfo.swift */,
				30BDFA901EB65D8400EC522D /* Student.swift */,
				74D2BE7E1EB46DE800A919A2 /* Grade.swift */,
				74D2BE881EB47B2E00A919A2 /* BeforeGrade.swift */,
				74D2BE8E1EB4C43F00A919A2 /* MapData.swift */,
			);
			name = Models;
			sourceTree = "<group>";
		};
		5864F9BF107044E9423A8B29 /* Frameworks */ = {
			isa = PBXGroup;
			children = (
				305490A11EB741DA00EB2C84 /* Alamofire.framework */,
				30BDFA861EB6529700EC522D /* Toaster.framework */,
				1845323F1EB2FAA4004130A6 /* RIGImageGallery.framework */,
				1875FD581EB1AA3C0021368A /* RIGImageGallery.framework */,
				6A94466B1AF82C49E359151D /* Pods_SmartCampus.framework */,
				306D4B351E9627470000FCA7 /* NotificationCenter.framework */,
			);
			name = Frameworks;
			sourceTree = "<group>";
		};
		7B0E1CF583E30F6D8118238D /* Pods */ = {
			isa = PBXGroup;
			children = (
				AF69A9EEA56363ABA777294D /* Pods-SmartCampus.debug.xcconfig */,
				2D9240F51E0AD74730587989 /* Pods-SmartCampus.release.xcconfig */,
			);
			name = Pods;
			sourceTree = "<group>";
		};
/* End PBXGroup section */

/* Begin PBXNativeTarget section */
		306D4B491E962F4F0000FCA7 /* TimeTableWidget */ = {
			isa = PBXNativeTarget;
			buildConfigurationList = 306D4B561E962F4F0000FCA7 /* Build configuration list for PBXNativeTarget "TimeTableWidget" */;
			buildPhases = (
				306D4B461E962F4F0000FCA7 /* Sources */,
				306D4B471E962F4F0000FCA7 /* Frameworks */,
				306D4B481E962F4F0000FCA7 /* Resources */,
			);
			buildRules = (
			);
			dependencies = (
			);
			name = TimeTableWidget;
			productName = TimeTableWidget;
			productReference = 306D4B4A1E962F4F0000FCA7 /* TimeTableWidget.appex */;
			productType = "com.apple.product-type.app-extension";
		};
		30E933951E7BDB2100B82C20 /* SmartCampus */ = {
			isa = PBXNativeTarget;
			buildConfigurationList = 30E933AB1E7BDB2100B82C20 /* Build configuration list for PBXNativeTarget "SmartCampus" */;
			buildPhases = (
				BBC8C7B5BE8B424E11B0403A /* [CP] Check Pods Manifest.lock */,
				30E933921E7BDB2100B82C20 /* Sources */,
				30E933931E7BDB2100B82C20 /* Frameworks */,
				30E933941E7BDB2100B82C20 /* Resources */,
				DEB1D95A791F2B20DF0D8CFF /* [CP] Embed Pods Frameworks */,
				0B3351AFA6F587D06E344338 /* [CP] Copy Pods Resources */,
				306D4B441E9627470000FCA7 /* Embed App Extensions */,
			);
			buildRules = (
			);
			dependencies = (
				306D4B541E962F4F0000FCA7 /* PBXTargetDependency */,
			);
			name = SmartCampus;
			productName = SmartCampus;
			productReference = 30E933961E7BDB2100B82C20 /* SmartCampus.app */;
			productType = "com.apple.product-type.application";
		};
/* End PBXNativeTarget section */

/* Begin PBXProject section */
		30E9338E1E7BDB2100B82C20 /* Project object */ = {
			isa = PBXProject;
			attributes = {
				LastSwiftUpdateCheck = 0820;
				LastUpgradeCheck = 0830;
				ORGANIZATIONNAME = INUAPPCENTER;
				TargetAttributes = {
					306D4B491E962F4F0000FCA7 = {
						CreatedOnToolsVersion = 8.2;
						DevelopmentTeam = AANGG4Q668;
						ProvisioningStyle = Automatic;
					};
					30E933951E7BDB2100B82C20 = {
						CreatedOnToolsVersion = 8.2;
						DevelopmentTeam = AANGG4Q668;
						ProvisioningStyle = Automatic;
						SystemCapabilities = {
							com.apple.ApplicationGroups.iOS = {
								enabled = 0;
							};
						};
					};
				};
			};
			buildConfigurationList = 30E933911E7BDB2100B82C20 /* Build configuration list for PBXProject "SmartCampus" */;
			compatibilityVersion = "Xcode 3.2";
			developmentRegion = English;
			hasScannedForEncodings = 0;
			knownRegions = (
				en,
				Base,
			);
			mainGroup = 30E9338D1E7BDB2100B82C20;
			productRefGroup = 30E933971E7BDB2100B82C20 /* Products */;
			projectDirPath = "";
			projectRoot = "";
			targets = (
				30E933951E7BDB2100B82C20 /* SmartCampus */,
				306D4B491E962F4F0000FCA7 /* TimeTableWidget */,
			);
		};
/* End PBXProject section */

/* Begin PBXResourcesBuildPhase section */
		306D4B481E962F4F0000FCA7 /* Resources */ = {
			isa = PBXResourcesBuildPhase;
			buildActionMask = 2147483647;
			files = (
				305490A31EB742C300EB2C84 /* WeekViewCell.xib in Resources */,
				306D4B511E962F4F0000FCA7 /* MainInterface.storyboard in Resources */,
				306D4B801E97EE3A0000FCA7 /* TimeViewCell.xib in Resources */,
				306D4B861E97EF650000FCA7 /* TimeView.xib in Resources */,
				3054904B1EB6E01E00EB2C84 /* WeekView.xib in Resources */,
				306D4B991E980D5C0000FCA7 /* TimeTableViewCell.xib in Resources */,
			);
			runOnlyForDeploymentPostprocessing = 0;
		};
		30E933941E7BDB2100B82C20 /* Resources */ = {
			isa = PBXResourcesBuildPhase;
			buildActionMask = 2147483647;
			files = (
				184532481EB30B53004130A6 /* LaunchScreen.storyboard in Resources */,
				184532491EB30B53004130A6 /* Main.storyboard in Resources */,
				305490571EB70F3100EB2C84 /* ClassViewCell.xib in Resources */,
				1845324A1EB30B53004130A6 /* Page.storyboard in Resources */,
				306D4B851E97EF650000FCA7 /* TimeView.xib in Resources */,
				302869861EB1EDAB001FA02C /* ReadRoomViewCell.xib in Resources */,
				30B9555E1EA4BD3D009336A9 /* MenuViewCell.xib in Resources */,
				30BDFA971EB65E4B00EC522D /* StudentViewCell.xib in Resources */,
				3014DF191E8A8A6F00D46672 /* DateView.xib in Resources */,
				306D3E001E8506D700F48C7D /* AdView.xib in Resources */,
				3028698A1EB1F858001FA02C /* BoardViewCell.xib in Resources */,
				306D4B981E980D5C0000FCA7 /* TimeTableViewCell.xib in Resources */,
				30E933A41E7BDB2100B82C20 /* Assets.xcassets in Resources */,
				3054904F1EB70D0600EB2C84 /* NoticeViewCell.xib in Resources */,
				306D4B601E97AB470000FCA7 /* WeekView.xib in Resources */,
				306D4B6D1E97E79E0000FCA7 /* WeekViewCell.xib in Resources */,
				306D3DEF1E840A1900F48C7D /* NavigationDrawer.xib in Resources */,
				306D4B7F1E97EE3A0000FCA7 /* TimeViewCell.xib in Resources */,
				3000445B1EB247F9003DE37F /* CommentViewCell.xib in Resources */,
			);
			runOnlyForDeploymentPostprocessing = 0;
		};
/* End PBXResourcesBuildPhase section */

/* Begin PBXShellScriptBuildPhase section */
		0B3351AFA6F587D06E344338 /* [CP] Copy Pods Resources */ = {
			isa = PBXShellScriptBuildPhase;
			buildActionMask = 2147483647;
			files = (
			);
			inputPaths = (
			);
			name = "[CP] Copy Pods Resources";
			outputPaths = (
			);
			runOnlyForDeploymentPostprocessing = 0;
			shellPath = /bin/sh;
			shellScript = "\"${SRCROOT}/Pods/Target Support Files/Pods-SmartCampus/Pods-SmartCampus-resources.sh\"\n";
			showEnvVarsInLog = 0;
		};
		BBC8C7B5BE8B424E11B0403A /* [CP] Check Pods Manifest.lock */ = {
			isa = PBXShellScriptBuildPhase;
			buildActionMask = 2147483647;
			files = (
			);
			inputPaths = (
			);
			name = "[CP] Check Pods Manifest.lock";
			outputPaths = (
			);
			runOnlyForDeploymentPostprocessing = 0;
			shellPath = /bin/sh;
			shellScript = "diff \"${PODS_PODFILE_DIR_PATH}/Podfile.lock\" \"${PODS_ROOT}/Manifest.lock\" > /dev/null\nif [ $? != 0 ] ; then\n    # print error to STDERR\n    echo \"error: The sandbox is not in sync with the Podfile.lock. Run 'pod install' or update your CocoaPods installation.\" >&2\n    exit 1\nfi\n";
			showEnvVarsInLog = 0;
		};
		DEB1D95A791F2B20DF0D8CFF /* [CP] Embed Pods Frameworks */ = {
			isa = PBXShellScriptBuildPhase;
			buildActionMask = 2147483647;
			files = (
			);
			inputPaths = (
			);
			name = "[CP] Embed Pods Frameworks";
			outputPaths = (
			);
			runOnlyForDeploymentPostprocessing = 0;
			shellPath = /bin/sh;
			shellScript = "\"${SRCROOT}/Pods/Target Support Files/Pods-SmartCampus/Pods-SmartCampus-frameworks.sh\"\n";
			showEnvVarsInLog = 0;
		};
/* End PBXShellScriptBuildPhase section */

/* Begin PBXSourcesBuildPhase section */
		306D4B461E962F4F0000FCA7 /* Sources */ = {
			isa = PBXSourcesBuildPhase;
			buildActionMask = 2147483647;
			files = (
				306D4B6C1E97E79E0000FCA7 /* WeekViewCell.swift in Sources */,
				306D4B4E1E962F4F0000FCA7 /* TimeTableViewController.swift in Sources */,
				306D4B971E980D5C0000FCA7 /* TimeTableViewCell.swift in Sources */,
				3054904A1EB6E01800EB2C84 /* WeekView.swift in Sources */,
				306D4B7E1E97EE3A0000FCA7 /* TimeViewCell.swift in Sources */,
				306D4B8B1E97EFFD0000FCA7 /* DeviceUtil.swift in Sources */,
				306D4B831E97EF590000FCA7 /* TimeView.swift in Sources */,
			);
			runOnlyForDeploymentPostprocessing = 0;
		};
		30E933921E7BDB2100B82C20 /* Sources */ = {
			isa = PBXSourcesBuildPhase;
			buildActionMask = 2147483647;
			files = (
				18A35B481EB2EF2B0077B415 /* Haksa.swift in Sources */,
				306D4B8D1E9801210000FCA7 /* TimeScheduleViewController.swift in Sources */,
				306D4B8C1E9800820000FCA7 /* TimeTableViewController.swift in Sources */,
				306D4B5E1E97AABE0000FCA7 /* WeekView.swift in Sources */,
				3000445A1EB247F9003DE37F /* CommentViewCell.swift in Sources */,
				302869851EB1EDAB001FA02C /* ReadRoomViewCell.swift in Sources */,
				306D4B5A1E965B9E0000FCA7 /* DateView.xib in Sources */,
				306D4B961E980D5C0000FCA7 /* TimeTableViewCell.swift in Sources */,
				30BDFA991EB65FDE00EC522D /* DateUtil.swift in Sources */,
				74D2BE891EB47B2E00A919A2 /* BeforeGrade.swift in Sources */,
				30BDFA891EB6584B00EC522D /* SplashViewController.swift in Sources */,
				306D4B591E965B990000FCA7 /* AdView.xib in Sources */,
				30B6D89E1EB7641100ED7B65 /* AlertView+ActivityIndicator.swift in Sources */,
				306D3E1F1E88394300F48C7D /* Network.swift in Sources */,
				3014DF151E8A568500D46672 /* ReadingRoomViewController.swift in Sources */,
				74D2BE8F1EB4C43F00A919A2 /* MapData.swift in Sources */,
				306D4B8A1E97EFFD0000FCA7 /* DeviceUtil.swift in Sources */,
				3014DEFA1E88EFFB00D46672 /* RestaurantViewController.swift in Sources */,
				306D3E1D1E882EF500F48C7D /* GetService.swift in Sources */,
				3014DF231E8B926500D46672 /* Board.swift in Sources */,
				302869891EB1F858001FA02C /* BoardViewCell.swift in Sources */,
				306D4B7D1E97EE3A0000FCA7 /* TimeViewCell.swift in Sources */,
				74CD957A1E9B79F100DFD0DC /* Menu.swift in Sources */,
				74D2BE7D1EB46DCA00A919A2 /* FloatExtension.swift in Sources */,
				3028698E1EB217DE001FA02C /* PostService.swift in Sources */,
				306D4B6B1E97E79E0000FCA7 /* WeekViewCell.swift in Sources */,
				306D3E061E85F9AF00F48C7D /* AdSize.swift in Sources */,
				3014DEFF1E88FDD800D46672 /* AcademyViewController.swift in Sources */,
				30B6D8A21EB867B100ED7B65 /* AppInfoViewController.swift in Sources */,
				306D3DFA1E84503B00F48C7D /* buttonType.swift in Sources */,
				3054904E1EB70D0600EB2C84 /* NoticeViewCell.swift in Sources */,
				306D3DDC1E83A30800F48C7D /* MainViewController.swift in Sources */,
				742CD2481E9DCD0900946DE9 /* Constraint.swift in Sources */,
				3014DEF81E88EF4900D46672 /* ReadingRoomListViewController.swift in Sources */,
				3014DF251E8B94D800D46672 /* BoardListViewController.swift in Sources */,
				306D3E021E85070C00F48C7D /* AdView.swift in Sources */,
				306D4B2F1E9613B50000FCA7 /* Class.swift in Sources */,
				3014DF181E8A8A6F00D46672 /* DateView.swift in Sources */,
				30BDFA961EB65E4B00EC522D /* StudentViewCell.swift in Sources */,
				30E933B21E7C059900B82C20 /* User.swift in Sources */,
				3014DF0A1E89494B00D46672 /* NoticeViewController.swift in Sources */,
				30E933AF1E7BF93800B82C20 /* LoginViewController.swift in Sources */,
				306D3DE31E83A96E00F48C7D /* MainButtonSize.swift in Sources */,
				74D2BE831EB46F2E00A919A2 /* GradeBottomPointCell.swift in Sources */,
				74D2BE7F1EB46DE800A919A2 /* Grade.swift in Sources */,
				74F967E51EB18DCB00A7C0CA /* AllGrade.swift in Sources */,
				306D3E1B1E882B8700F48C7D /* Notice.swift in Sources */,
				306D3DF41E841F2E00F48C7D /* MappingError.swift in Sources */,
				3014DF1B1E8AAA2C00D46672 /* ClassListViewController.swift in Sources */,
				306D3E111E87DE3200F48C7D /* NoticeListViewController.swift in Sources */,
				74D2BE811EB46DFB00A919A2 /* GradeBottomCell.swift in Sources */,
				306D3DE91E83B8D600F48C7D /* CheckBox.swift in Sources */,
				306D3E211E88976700F48C7D /* CampusMapViewController.swift in Sources */,
				305490491EB6CD9100EB2C84 /* Unwrapper.swift in Sources */,
				306D3DF61E841F3F00F48C7D /* DataResponse+MapResult.swift in Sources */,
				30BDFA8F1EB65D6600EC522D /* ClassInfo.swift in Sources */,
				306D3DCD1E83766E00F48C7D /* UserService.swift in Sources */,
				30B6D8A01EB84AEB00ED7B65 /* NetWorkUtil.swift in Sources */,
				3014DF031E88FE0500D46672 /* GradeViewController.swift in Sources */,
				306D3DED1E84072400F48C7D /* NavigationDrawer.swift in Sources */,
				302869821EB1EB29001FA02C /* PostBoardViewController.swift in Sources */,
				30BDFA911EB65D8400EC522D /* Student.swift in Sources */,
				3014DF071E88FE2B00D46672 /* AppViewController.swift in Sources */,
				306D3DF21E841F1500F48C7D /* Response+ErrorInfo.swift in Sources */,
				302869901EB21BE8001FA02C /* BoardContent.swift in Sources */,
				30BDFA931EB65DF200EC522D /* StudentListViewController.swift in Sources */,
				305490561EB70F3100EB2C84 /* ClassViewCell.swift in Sources */,
				30BDFA8D1EB65D2400EC522D /* ClassInfoViewController.swift in Sources */,
				3014DEF41E88D35300D46672 /* Food.swift in Sources */,
				3014DF131E8A22A300D46672 /* ReadingRoom.swift in Sources */,
				306D3E131E87F6CC00F48C7D /* ViewType.swift in Sources */,
				74D2BE851EB46F3E00A919A2 /* GradeTopCell.swift in Sources */,
				306D3E0D1E87DD0D00F48C7D /* SwipeViewController.swift in Sources */,
				306D3DCB1E82D22400F48C7D /* AuthService.swift in Sources */,
				30E9339A1E7BDB2100B82C20 /* AppDelegate.swift in Sources */,
				30BDFA8B1EB65A8D00EC522D /* MainNavigationController.swift in Sources */,
				300044571EB23014003DE37F /* BoardComment.swift in Sources */,
				306D4B821E97EF590000FCA7 /* TimeView.swift in Sources */,
				306D3DE71E83B30A00F48C7D /* HexColor.swift in Sources */,
				30E933A21E7BDB2100B82C20 /* SmartCampus.xcdatamodeld in Sources */,
				30B9555B1EA4BC63009336A9 /* MenuViewCell.swift in Sources */,
				306D4B5C1E977A6A0000FCA7 /* Subject.swift in Sources */,
				3028697C1EB197BD001FA02C /* BoardViewController.swift in Sources */,
			);
			runOnlyForDeploymentPostprocessing = 0;
		};
/* End PBXSourcesBuildPhase section */

/* Begin PBXTargetDependency section */
		306D4B541E962F4F0000FCA7 /* PBXTargetDependency */ = {
			isa = PBXTargetDependency;
			target = 306D4B491E962F4F0000FCA7 /* TimeTableWidget */;
			targetProxy = 306D4B531E962F4F0000FCA7 /* PBXContainerItemProxy */;
		};
/* End PBXTargetDependency section */

/* Begin PBXVariantGroup section */
		3014DEFB1E88FC0A00D46672 /* Page.storyboard */ = {
			isa = PBXVariantGroup;
			children = (
				3014DEFC1E88FC0A00D46672 /* Base */,
			);
			name = Page.storyboard;
			sourceTree = "<group>";
		};
		306D4B4F1E962F4F0000FCA7 /* MainInterface.storyboard */ = {
			isa = PBXVariantGroup;
			children = (
				306D4B501E962F4F0000FCA7 /* Base */,
			);
			name = MainInterface.storyboard;
			sourceTree = "<group>";
		};
		30E9339D1E7BDB2100B82C20 /* Main.storyboard */ = {
			isa = PBXVariantGroup;
			children = (
				30E9339E1E7BDB2100B82C20 /* Base */,
			);
			name = Main.storyboard;
			sourceTree = "<group>";
		};
		30E933A51E7BDB2100B82C20 /* LaunchScreen.storyboard */ = {
			isa = PBXVariantGroup;
			children = (
				30E933A61E7BDB2100B82C20 /* Base */,
			);
			name = LaunchScreen.storyboard;
			sourceTree = "<group>";
		};
/* End PBXVariantGroup section */

/* Begin XCBuildConfiguration section */
		306D4B571E962F4F0000FCA7 /* Debug */ = {
			isa = XCBuildConfiguration;
			buildSettings = {
				DEVELOPMENT_TEAM = AANGG4Q668;
				INFOPLIST_FILE = TimeTableWidget/Info.plist;
				LD_RUNPATH_SEARCH_PATHS = "$(inherited) @executable_path/Frameworks @executable_path/../../Frameworks";
				PRODUCT_BUNDLE_IDENTIFIER = com.uiapp.INU.SmartCampus.TimeTableWidget;
				PRODUCT_NAME = "$(TARGET_NAME)";
				SKIP_INSTALL = YES;
				SWIFT_VERSION = 3.0;
			};
			name = Debug;
		};
		306D4B581E962F4F0000FCA7 /* Release */ = {
			isa = XCBuildConfiguration;
			buildSettings = {
				DEVELOPMENT_TEAM = AANGG4Q668;
				INFOPLIST_FILE = TimeTableWidget/Info.plist;
				LD_RUNPATH_SEARCH_PATHS = "$(inherited) @executable_path/Frameworks @executable_path/../../Frameworks";
				PRODUCT_BUNDLE_IDENTIFIER = com.uiapp.INU.SmartCampus.TimeTableWidget;
				PRODUCT_NAME = "$(TARGET_NAME)";
				SKIP_INSTALL = YES;
				SWIFT_VERSION = 3.0;
			};
			name = Release;
		};
		30E933A91E7BDB2100B82C20 /* Debug */ = {
			isa = XCBuildConfiguration;
			buildSettings = {
				ALWAYS_SEARCH_USER_PATHS = NO;
				CLANG_ANALYZER_NONNULL = YES;
				CLANG_CXX_LANGUAGE_STANDARD = "gnu++0x";
				CLANG_CXX_LIBRARY = "libc++";
				CLANG_ENABLE_MODULES = YES;
				CLANG_ENABLE_OBJC_ARC = YES;
				CLANG_WARN_BOOL_CONVERSION = YES;
				CLANG_WARN_CONSTANT_CONVERSION = YES;
				CLANG_WARN_DIRECT_OBJC_ISA_USAGE = YES_ERROR;
				CLANG_WARN_DOCUMENTATION_COMMENTS = YES;
				CLANG_WARN_EMPTY_BODY = YES;
				CLANG_WARN_ENUM_CONVERSION = YES;
				CLANG_WARN_INFINITE_RECURSION = YES;
				CLANG_WARN_INT_CONVERSION = YES;
				CLANG_WARN_OBJC_ROOT_CLASS = YES_ERROR;
				CLANG_WARN_SUSPICIOUS_MOVE = YES;
				CLANG_WARN_UNREACHABLE_CODE = YES;
				CLANG_WARN__DUPLICATE_METHOD_MATCH = YES;
				"CODE_SIGN_IDENTITY[sdk=iphoneos*]" = "iPhone Developer";
				COPY_PHASE_STRIP = NO;
				DEBUG_INFORMATION_FORMAT = dwarf;
				ENABLE_STRICT_OBJC_MSGSEND = YES;
				ENABLE_TESTABILITY = YES;
				GCC_C_LANGUAGE_STANDARD = gnu99;
				GCC_DYNAMIC_NO_PIC = NO;
				GCC_NO_COMMON_BLOCKS = YES;
				GCC_OPTIMIZATION_LEVEL = 0;
				GCC_PREPROCESSOR_DEFINITIONS = (
					"DEBUG=1",
					"$(inherited)",
				);
				GCC_WARN_64_TO_32_BIT_CONVERSION = YES;
				GCC_WARN_ABOUT_RETURN_TYPE = YES_ERROR;
				GCC_WARN_UNDECLARED_SELECTOR = YES;
				GCC_WARN_UNINITIALIZED_AUTOS = YES_AGGRESSIVE;
				GCC_WARN_UNUSED_FUNCTION = YES;
				GCC_WARN_UNUSED_VARIABLE = YES;
				IPHONEOS_DEPLOYMENT_TARGET = 10.2;
				MTL_ENABLE_DEBUG_INFO = YES;
				ONLY_ACTIVE_ARCH = YES;
				SDKROOT = iphoneos;
				SWIFT_ACTIVE_COMPILATION_CONDITIONS = DEBUG;
				SWIFT_OPTIMIZATION_LEVEL = "-Onone";
				TARGETED_DEVICE_FAMILY = "1,2";
			};
			name = Debug;
		};
		30E933AA1E7BDB2100B82C20 /* Release */ = {
			isa = XCBuildConfiguration;
			buildSettings = {
				ALWAYS_SEARCH_USER_PATHS = NO;
				CLANG_ANALYZER_NONNULL = YES;
				CLANG_CXX_LANGUAGE_STANDARD = "gnu++0x";
				CLANG_CXX_LIBRARY = "libc++";
				CLANG_ENABLE_MODULES = YES;
				CLANG_ENABLE_OBJC_ARC = YES;
				CLANG_WARN_BOOL_CONVERSION = YES;
				CLANG_WARN_CONSTANT_CONVERSION = YES;
				CLANG_WARN_DIRECT_OBJC_ISA_USAGE = YES_ERROR;
				CLANG_WARN_DOCUMENTATION_COMMENTS = YES;
				CLANG_WARN_EMPTY_BODY = YES;
				CLANG_WARN_ENUM_CONVERSION = YES;
				CLANG_WARN_INFINITE_RECURSION = YES;
				CLANG_WARN_INT_CONVERSION = YES;
				CLANG_WARN_OBJC_ROOT_CLASS = YES_ERROR;
				CLANG_WARN_SUSPICIOUS_MOVE = YES;
				CLANG_WARN_UNREACHABLE_CODE = YES;
				CLANG_WARN__DUPLICATE_METHOD_MATCH = YES;
				"CODE_SIGN_IDENTITY[sdk=iphoneos*]" = "iPhone Developer";
				COPY_PHASE_STRIP = NO;
				DEBUG_INFORMATION_FORMAT = "dwarf-with-dsym";
				ENABLE_NS_ASSERTIONS = NO;
				ENABLE_STRICT_OBJC_MSGSEND = YES;
				GCC_C_LANGUAGE_STANDARD = gnu99;
				GCC_NO_COMMON_BLOCKS = YES;
				GCC_WARN_64_TO_32_BIT_CONVERSION = YES;
				GCC_WARN_ABOUT_RETURN_TYPE = YES_ERROR;
				GCC_WARN_UNDECLARED_SELECTOR = YES;
				GCC_WARN_UNINITIALIZED_AUTOS = YES_AGGRESSIVE;
				GCC_WARN_UNUSED_FUNCTION = YES;
				GCC_WARN_UNUSED_VARIABLE = YES;
				IPHONEOS_DEPLOYMENT_TARGET = 10.2;
				MTL_ENABLE_DEBUG_INFO = NO;
				SDKROOT = iphoneos;
				SWIFT_OPTIMIZATION_LEVEL = "-Owholemodule";
				TARGETED_DEVICE_FAMILY = "1,2";
				VALIDATE_PRODUCT = YES;
			};
			name = Release;
		};
		30E933AC1E7BDB2100B82C20 /* Debug */ = {
			isa = XCBuildConfiguration;
			baseConfigurationReference = AF69A9EEA56363ABA777294D /* Pods-SmartCampus.debug.xcconfig */;
			buildSettings = {
				ALWAYS_EMBED_SWIFT_STANDARD_LIBRARIES = YES;
				ASSETCATALOG_COMPILER_APPICON_NAME = AppIcon;
				DEVELOPMENT_TEAM = AANGG4Q668;
				FRAMEWORK_SEARCH_PATHS = (
					"$(inherited)",
					"$(PROJECT_DIR)/build/Debug-iphoneos",
				);
				INFOPLIST_FILE = SmartCampus/Info.plist;
				IPHONEOS_DEPLOYMENT_TARGET = 10.2;
				LD_RUNPATH_SEARCH_PATHS = "$(inherited) @executable_path/Frameworks";
				PRODUCT_BUNDLE_IDENTIFIER = com.uiapp.INU.SmartCampus;
				PRODUCT_NAME = "$(TARGET_NAME)";
				SWIFT_VERSION = 3.0;
			};
			name = Debug;
		};
		30E933AD1E7BDB2100B82C20 /* Release */ = {
			isa = XCBuildConfiguration;
			baseConfigurationReference = 2D9240F51E0AD74730587989 /* Pods-SmartCampus.release.xcconfig */;
			buildSettings = {
				ALWAYS_EMBED_SWIFT_STANDARD_LIBRARIES = YES;
				ASSETCATALOG_COMPILER_APPICON_NAME = AppIcon;
				DEVELOPMENT_TEAM = AANGG4Q668;
				FRAMEWORK_SEARCH_PATHS = (
					"$(inherited)",
					"$(PROJECT_DIR)/build/Debug-iphoneos",
				);
				INFOPLIST_FILE = SmartCampus/Info.plist;
				IPHONEOS_DEPLOYMENT_TARGET = 10.2;
				LD_RUNPATH_SEARCH_PATHS = "$(inherited) @executable_path/Frameworks";
				PRODUCT_BUNDLE_IDENTIFIER = com.uiapp.INU.SmartCampus;
				PRODUCT_NAME = "$(TARGET_NAME)";
				SWIFT_VERSION = 3.0;
			};
			name = Release;
		};
/* End XCBuildConfiguration section */

/* Begin XCConfigurationList section */
		306D4B561E962F4F0000FCA7 /* Build configuration list for PBXNativeTarget "TimeTableWidget" */ = {
			isa = XCConfigurationList;
			buildConfigurations = (
				306D4B571E962F4F0000FCA7 /* Debug */,
				306D4B581E962F4F0000FCA7 /* Release */,
			);
			defaultConfigurationIsVisible = 0;
			defaultConfigurationName = Release;
		};
		30E933911E7BDB2100B82C20 /* Build configuration list for PBXProject "SmartCampus" */ = {
			isa = XCConfigurationList;
			buildConfigurations = (
				30E933A91E7BDB2100B82C20 /* Debug */,
				30E933AA1E7BDB2100B82C20 /* Release */,
			);
			defaultConfigurationIsVisible = 0;
			defaultConfigurationName = Release;
		};
		30E933AB1E7BDB2100B82C20 /* Build configuration list for PBXNativeTarget "SmartCampus" */ = {
			isa = XCConfigurationList;
			buildConfigurations = (
				30E933AC1E7BDB2100B82C20 /* Debug */,
				30E933AD1E7BDB2100B82C20 /* Release */,
			);
			defaultConfigurationIsVisible = 0;
			defaultConfigurationName = Release;
		};
/* End XCConfigurationList section */

/* Begin XCVersionGroup section */
		30E933A01E7BDB2100B82C20 /* SmartCampus.xcdatamodeld */ = {
			isa = XCVersionGroup;
			children = (
				30E933A11E7BDB2100B82C20 /* SmartCampus.xcdatamodel */,
			);
			currentVersion = 30E933A11E7BDB2100B82C20 /* SmartCampus.xcdatamodel */;
			path = SmartCampus.xcdatamodeld;
			sourceTree = "<group>";
			versionGroupType = wrapper.xcdatamodel;
		};
/* End XCVersionGroup section */
	};
	rootObject = 30E9338E1E7BDB2100B82C20 /* Project object */;
}
